
Microsoft Visual Studio Solution File, Format Version 12.00
# Visual Studio Version 17
VisualStudioVersion = 17.6.33815.320
MinimumVisualStudioVersion = 10.0.40219.1
Project("{FAE04EC0-301F-11D3-BF4B-00C04F79EFBC}") = "Devyatov_KDZ_18_03_24", "Devyatov_KDZ_18_03_24\Devyatov_KDZ_18_03_24.csproj", "{FBBF7ED4-8B05-4A94-83BC-24E75510A6BF}"
EndProject
Global
	GlobalSection(SolutionConfigurationPlatforms) = preSolution
		Debug|Any CPU = Debug|Any CPU
		Release|Any CPU = Release|Any CPU
	EndGlobalSection
	GlobalSection(ProjectConfigurationPlatforms) = postSolution
		{FBBF7ED4-8B05-4A94-83BC-24E75510A6BF}.Debug|Any CPU.ActiveCfg = Debug|Any CPU
		{FBBF7ED4-8B05-4A94-83BC-24E75510A6BF}.Debug|Any CPU.Build.0 = Debug|Any CPU
		{FBBF7ED4-8B05-4A94-83BC-24E75510A6BF}.Release|Any CPU.ActiveCfg = Release|Any CPU
		{FBBF7ED4-8B05-4A94-83BC-24E75510A6BF}.Release|Any CPU.Build.0 = Release|Any CPU
	EndGlobalSection
	GlobalSection(SolutionProperties) = preSolution
		HideSolutionNode = FALSE
	EndGlobalSection
	GlobalSection(ExtensibilityGlobals) = postSolution
		SolutionGuid = {049E3F5B-9AF8-44A5-B64A-DD8D9017F07A}
	EndGlobalSection
EndGlobal
